
Microsoft Visual Studio Solution File, Format Version 12.00
# Visual Studio Version 16
VisualStudioVersion = 16.0.29728.190
MinimumVisualStudioVersion = 10.0.40219.1
Project("{FAE04EC0-301F-11D3-BF4B-00C04F79EFBC}") = "WpfApp", "WpfApp\WpfApp.csproj", "{51FF760E-59BE-4F14-9A69-EC0811D84233}"
EndProject
Project("{9A19103F-16F7-4668-BE54-9A1E7A4F7556}") = "Core", "Core\Core.csproj", "{73F94748-4298-4522-916E-C37D691657E0}"
EndProject
Project("{9A19103F-16F7-4668-BE54-9A1E7A4F7556}") = "Core.Tests", "Core.Tests\Core.Tests.csproj", "{5375E113-532C-4ABB-96FF-FF7DCA833C11}"
EndProject
Project("{FAE04EC0-301F-11D3-BF4B-00C04F79EFBC}") = "IO", "IO\IO.csproj", "{EAF2114F-E95E-486A-A941-BFAEC4BC5F10}"
EndProject
Project("{FAE04EC0-301F-11D3-BF4B-00C04F79EFBC}") = "DataDump", "DataDump\DataDump.csproj", "{FB0311E5-B2B9-4916-83CC-51C2C6D8923D}"
EndProject
Global
	GlobalSection(SolutionConfigurationPlatforms) = preSolution
		Debug|Any CPU = Debug|Any CPU
		Release|Any CPU = Release|Any CPU
	EndGlobalSection
	GlobalSection(ProjectConfigurationPlatforms) = postSolution
		{51FF760E-59BE-4F14-9A69-EC0811D84233}.Debug|Any CPU.ActiveCfg = Debug|Any CPU
		{51FF760E-59BE-4F14-9A69-EC0811D84233}.Debug|Any CPU.Build.0 = Debug|Any CPU
		{51FF760E-59BE-4F14-9A69-EC0811D84233}.Release|Any CPU.ActiveCfg = Release|Any CPU
		{51FF760E-59BE-4F14-9A69-EC0811D84233}.Release|Any CPU.Build.0 = Release|Any CPU
		{73F94748-4298-4522-916E-C37D691657E0}.Debug|Any CPU.ActiveCfg = Debug|Any CPU
		{73F94748-4298-4522-916E-C37D691657E0}.Debug|Any CPU.Build.0 = Debug|Any CPU
		{73F94748-4298-4522-916E-C37D691657E0}.Release|Any CPU.ActiveCfg = Release|Any CPU
		{73F94748-4298-4522-916E-C37D691657E0}.Release|Any CPU.Build.0 = Release|Any CPU
		{5375E113-532C-4ABB-96FF-FF7DCA833C11}.Debug|Any CPU.ActiveCfg = Debug|Any CPU
		{5375E113-532C-4ABB-96FF-FF7DCA833C11}.Debug|Any CPU.Build.0 = Debug|Any CPU
		{5375E113-532C-4ABB-96FF-FF7DCA833C11}.Release|Any CPU.ActiveCfg = Release|Any CPU
		{5375E113-532C-4ABB-96FF-FF7DCA833C11}.Release|Any CPU.Build.0 = Release|Any CPU
		{EAF2114F-E95E-486A-A941-BFAEC4BC5F10}.Debug|Any CPU.ActiveCfg = Debug|Any CPU
		{EAF2114F-E95E-486A-A941-BFAEC4BC5F10}.Debug|Any CPU.Build.0 = Debug|Any CPU
		{EAF2114F-E95E-486A-A941-BFAEC4BC5F10}.Release|Any CPU.ActiveCfg = Release|Any CPU
		{EAF2114F-E95E-486A-A941-BFAEC4BC5F10}.Release|Any CPU.Build.0 = Release|Any CPU
		{FB0311E5-B2B9-4916-83CC-51C2C6D8923D}.Debug|Any CPU.ActiveCfg = Debug|Any CPU
		{FB0311E5-B2B9-4916-83CC-51C2C6D8923D}.Debug|Any CPU.Build.0 = Debug|Any CPU
		{FB0311E5-B2B9-4916-83CC-51C2C6D8923D}.Release|Any CPU.ActiveCfg = Release|Any CPU
		{FB0311E5-B2B9-4916-83CC-51C2C6D8923D}.Release|Any CPU.Build.0 = Release|Any CPU
	EndGlobalSection
	GlobalSection(SolutionProperties) = preSolution
		HideSolutionNode = FALSE
	EndGlobalSection
	GlobalSection(ExtensibilityGlobals) = postSolution
		SolutionGuid = {38148CA3-8792-4AF2-BC5B-11AF93F57CCC}
	EndGlobalSection
EndGlobal
